
Microsoft Visual Studio Solution File, Format Version 12.00
# Visual Studio Version 16
VisualStudioVersion = 16.0.29411.108
MinimumVisualStudioVersion = 10.0.40219.1
Project("{FAE04EC0-301F-11D3-BF4B-00C04F79EFBC}") = "maptest.Android", "maptest.Android\maptest.Android.csproj", "{04E85EB5-25C3-4252-A31C-05DA33C9544B}"
EndProject
Project("{FAE04EC0-301F-11D3-BF4B-00C04F79EFBC}") = "maptest.iOS", "maptest.iOS\maptest.iOS.csproj", "{D332A293-43AF-4E17-A454-A0B39D144258}"
EndProject
Project("{FAE04EC0-301F-11D3-BF4B-00C04F79EFBC}") = "maptest", "maptest\maptest.csproj", "{3142C083-AD51-4AA9-91CB-8E68E66F5EAA}"
EndProject
Global
	GlobalSection(SolutionConfigurationPlatforms) = preSolution
		Debug|Any CPU = Debug|Any CPU
		Debug|iPhone = Debug|iPhone
		Debug|iPhoneSimulator = Debug|iPhoneSimulator
		Release|Any CPU = Release|Any CPU
		Release|iPhone = Release|iPhone
		Release|iPhoneSimulator = Release|iPhoneSimulator
	EndGlobalSection
	GlobalSection(ProjectConfigurationPlatforms) = postSolution
		{04E85EB5-25C3-4252-A31C-05DA33C9544B}.Debug|Any CPU.ActiveCfg = Debug|Any CPU
		{04E85EB5-25C3-4252-A31C-05DA33C9544B}.Debug|Any CPU.Build.0 = Debug|Any CPU
		{04E85EB5-25C3-4252-A31C-05DA33C9544B}.Debug|Any CPU.Deploy.0 = Debug|Any CPU
		{04E85EB5-25C3-4252-A31C-05DA33C9544B}.Debug|iPhone.ActiveCfg = Debug|Any CPU
		{04E85EB5-25C3-4252-A31C-05DA33C9544B}.Debug|iPhone.Build.0 = Debug|Any CPU
		{04E85EB5-25C3-4252-A31C-05DA33C9544B}.Debug|iPhone.Deploy.0 = Debug|Any CPU
		{04E85EB5-25C3-4252-A31C-05DA33C9544B}.Debug|iPhoneSimulator.ActiveCfg = Debug|Any CPU
		{04E85EB5-25C3-4252-A31C-05DA33C9544B}.Debug|iPhoneSimulator.Build.0 = Debug|Any CPU
		{04E85EB5-25C3-4252-A31C-05DA33C9544B}.Debug|iPhoneSimulator.Deploy.0 = Debug|Any CPU
		{04E85EB5-25C3-4252-A31C-05DA33C9544B}.Release|Any CPU.ActiveCfg = Release|Any CPU
		{04E85EB5-25C3-4252-A31C-05DA33C9544B}.Release|Any CPU.Build.0 = Release|Any CPU
		{04E85EB5-25C3-4252-A31C-05DA33C9544B}.Release|Any CPU.Deploy.0 = Release|Any CPU
		{04E85EB5-25C3-4252-A31C-05DA33C9544B}.Release|iPhone.ActiveCfg = Release|Any CPU
		{04E85EB5-25C3-4252-A31C-05DA33C9544B}.Release|iPhone.Build.0 = Release|Any CPU
		{04E85EB5-25C3-4252-A31C-05DA33C9544B}.Release|iPhone.Deploy.0 = Release|Any CPU
		{04E85EB5-25C3-4252-A31C-05DA33C9544B}.Release|iPhoneSimulator.ActiveCfg = Release|Any CPU
		{04E85EB5-25C3-4252-A31C-05DA33C9544B}.Release|iPhoneSimulator.Build.0 = Release|Any CPU
		{04E85EB5-25C3-4252-A31C-05DA33C9544B}.Release|iPhoneSimulator.Deploy.0 = Release|Any CPU
		{D332A293-43AF-4E17-A454-A0B39D144258}.Debug|Any CPU.ActiveCfg = Debug|iPhoneSimulator
		{D332A293-43AF-4E17-A454-A0B39D144258}.Debug|Any CPU.Build.0 = Debug|iPhoneSimulator
		{D332A293-43AF-4E17-A454-A0B39D144258}.Debug|Any CPU.Deploy.0 = Debug|iPhoneSimulator
		{D332A293-43AF-4E17-A454-A0B39D144258}.Debug|iPhone.ActiveCfg = Debug|iPhone
		{D332A293-43AF-4E17-A454-A0B39D144258}.Debug|iPhone.Build.0 = Debug|iPhone
		{D332A293-43AF-4E17-A454-A0B39D144258}.Debug|iPhone.Deploy.0 = Debug|iPhone
		{D332A293-43AF-4E17-A454-A0B39D144258}.Debug|iPhoneSimulator.ActiveCfg = Debug|iPhoneSimulator
		{D332A293-43AF-4E17-A454-A0B39D144258}.Debug|iPhoneSimulator.Build.0 = Debug|iPhoneSimulator
		{D332A293-43AF-4E17-A454-A0B39D144258}.Debug|iPhoneSimulator.Deploy.0 = Debug|iPhoneSimulator
		{D332A293-43AF-4E17-A454-A0B39D144258}.Release|Any CPU.ActiveCfg = Release|iPhone
		{D332A293-43AF-4E17-A454-A0B39D144258}.Release|Any CPU.Build.0 = Release|iPhone
		{D332A293-43AF-4E17-A454-A0B39D144258}.Release|Any CPU.Deploy.0 = Release|iPhone
		{D332A293-43AF-4E17-A454-A0B39D144258}.Release|iPhone.ActiveCfg = Release|iPhone
		{D332A293-43AF-4E17-A454-A0B39D144258}.Release|iPhone.Build.0 = Release|iPhone
		{D332A293-43AF-4E17-A454-A0B39D144258}.Release|iPhone.Deploy.0 = Release|iPhone
		{D332A293-43AF-4E17-A454-A0B39D144258}.Release|iPhoneSimulator.ActiveCfg = Release|iPhoneSimulator
		{D332A293-43AF-4E17-A454-A0B39D144258}.Release|iPhoneSimulator.Build.0 = Release|iPhoneSimulator
		{D332A293-43AF-4E17-A454-A0B39D144258}.Release|iPhoneSimulator.Deploy.0 = Release|iPhoneSimulator
		{3142C083-AD51-4AA9-91CB-8E68E66F5EAA}.Debug|Any CPU.ActiveCfg = Debug|Any CPU
		{3142C083-AD51-4AA9-91CB-8E68E66F5EAA}.Debug|Any CPU.Build.0 = Debug|Any CPU
		{3142C083-AD51-4AA9-91CB-8E68E66F5EAA}.Debug|Any CPU.Deploy.0 = Debug|Any CPU
		{3142C083-AD51-4AA9-91CB-8E68E66F5EAA}.Debug|iPhone.ActiveCfg = Debug|Any CPU
		{3142C083-AD51-4AA9-91CB-8E68E66F5EAA}.Debug|iPhone.Build.0 = Debug|Any CPU
		{3142C083-AD51-4AA9-91CB-8E68E66F5EAA}.Debug|iPhone.Deploy.0 = Debug|Any CPU
		{3142C083-AD51-4AA9-91CB-8E68E66F5EAA}.Debug|iPhoneSimulator.ActiveCfg = Debug|Any CPU
		{3142C083-AD51-4AA9-91CB-8E68E66F5EAA}.Debug|iPhoneSimulator.Build.0 = Debug|Any CPU
		{3142C083-AD51-4AA9-91CB-8E68E66F5EAA}.Debug|iPhoneSimulator.Deploy.0 = Debug|Any CPU
		{3142C083-AD51-4AA9-91CB-8E68E66F5EAA}.Release|Any CPU.ActiveCfg = Release|Any CPU
		{3142C083-AD51-4AA9-91CB-8E68E66F5EAA}.Release|Any CPU.Build.0 = Release|Any CPU
		{3142C083-AD51-4AA9-91CB-8E68E66F5EAA}.Release|Any CPU.Deploy.0 = Release|Any CPU
		{3142C083-AD51-4AA9-91CB-8E68E66F5EAA}.Release|iPhone.ActiveCfg = Release|Any CPU
		{3142C083-AD51-4AA9-91CB-8E68E66F5EAA}.Release|iPhone.Build.0 = Release|Any CPU
		{3142C083-AD51-4AA9-91CB-8E68E66F5EAA}.Release|iPhone.Deploy.0 = Release|Any CPU
		{3142C083-AD51-4AA9-91CB-8E68E66F5EAA}.Release|iPhoneSimulator.ActiveCfg = Release|Any CPU
		{3142C083-AD51-4AA9-91CB-8E68E66F5EAA}.Release|iPhoneSimulator.Build.0 = Release|Any CPU
		{3142C083-AD51-4AA9-91CB-8E68E66F5EAA}.Release|iPhoneSimulator.Deploy.0 = Release|Any CPU
	EndGlobalSection
	GlobalSection(SolutionProperties) = preSolution
		HideSolutionNode = FALSE
	EndGlobalSection
	GlobalSection(ExtensibilityGlobals) = postSolution
		SolutionGuid = {6AE345AD-7207-476F-9D6B-DE17A6F295B5}
	EndGlobalSection
EndGlobal
